{
    "_meta": {
        "hash": {
            "sha256": "defeaea563666833089ef00737b28e6104eb335883588d7070bb6e7641f58c98"
        },
        "pipfile-spec": 6,
        "requires": {
            "python_version": "3.6"
        },
        "sources": [
            {
                "name": "pypi",
                "url": "https://pypi.org/simple",
                "verify_ssl": true
            }
        ]
    },
    "default": {
        "django": {
            "hashes": [
                "sha256:558cb27930defd9a6042133258caf797b2d1dee233959f537e3dc475cb49bd7c",
                "sha256:cf5370a4d7765a9dd6d42a7b96b53c74f9446cd38209211304b210fe0404b861"
            ],
            "index": "pypi",
            "version": "==2.2.17"
        },
        "django-jazzmin": {
            "hashes": [
                "sha256:2f4bb114aaec46ddd54cdc3c19d9845778a38c72dd2e41e0c2177c783e718bba",
                "sha256:888a9a46612609dc60967147b1a0869675d600116793a98eece4cb0b3e7105ad"
            ],
            "index": "pypi",
            "version": "==2.4.4"
        },
        "django-meta": {
            "hashes": [
                "sha256:25010157000fa2f1d1ed46e8739f43cfe00e40af199d913b230e52133b650da5",
                "sha256:3d69068b1c9e8369427fe0843f4cb6974c24c27dc87750cd915db487ee475fce"
            ],
            "index": "pypi",
            "version": "==2.0.0"
        },
        "django-template-data": {
            "hashes": [
                "sha256:32825c55731a29ea38a7fbd0ad4c2dd22be4340a66afdd97fe0a1e8ca00019f9",
                "sha256:88227d6dde8dcd77f113c6af75ce2bc586ced8342ce6a4cd1063b8841496ed3f"
            ],
            "index": "pypi",
            "version": "==0.0.4"
        },
        "python-dotenv": {
            "hashes": [
                "sha256:0c8d1b80d1a1e91717ea7d526178e3882732420b03f08afea0406db6402e220e",
                "sha256:587825ed60b1711daea4832cf37524dfd404325b7db5e25ebe88c495c9f807a0"
            ],
            "index": "pypi",
            "version": "==0.15.0"
        },
        "pytz": {
            "hashes": [
                "sha256:16962c5fb8db4a8f63a26646d8886e9d769b6c511543557bc84e9569fb9a9cb4",
                "sha256:180befebb1927b16f6b57101720075a984c019ac16b1b7575673bea42c6c3da5"
            ],
            "version": "==2020.5"
        },
        "six": {
            "hashes": [
                "sha256:30639c035cdb23534cd4aa2dd52c3bf48f06e5f4a941509c8bafd8ce11080259",
                "sha256:8b74bedcbbbaca38ff6d7491d76f2b06b3592611af620f8426e82dddb04a5ced"
            ],
            "markers": "python_version >= '2.7' and python_version not in '3.0, 3.1, 3.2, 3.3'",
            "version": "==1.15.0"
        },
        "sqlparse": {
            "hashes": [
                "sha256:017cde379adbd6a1f15a61873f43e8274179378e95ef3fede90b5aa64d304ed0",
                "sha256:0f91fd2e829c44362cbcfab3e9ae12e22badaa8a29ad5ff599f9ec109f0454e8"
            ],
            "markers": "python_version >= '3.5'",
            "version": "==0.4.1"
        }
    },
    "develop": {}
}
